// !$*UTF8*$!
{
	archiveVersion = 1;
	classes = {
	};
	objectVersion = 55;
	objects = {

/* Begin PBXBuildFile section */
		BA073E1F3D88A81BEC17B7E6 /* Pods_Flix.framework in Frameworks */ = {isa = PBXBuildFile; fileRef = 85D7C98767F96C474C74EFD2 /* Pods_Flix.framework */; };
		E717C99C28D96B0800258832 /* MovieDetailsViewController.swift in Sources */ = {isa = PBXBuildFile; fileRef = E717C99B28D96B0800258832 /* MovieDetailsViewController.swift */; };
		E717C99E28D9766E00258832 /* MovieGridViewController.swift in Sources */ = {isa = PBXBuildFile; fileRef = E717C99D28D9766E00258832 /* MovieGridViewController.swift */; };
		E717C9A028D97D9800258832 /* MovieGridCell.swift in Sources */ = {isa = PBXBuildFile; fileRef = E717C99F28D97D9800258832 /* MovieGridCell.swift */; };
		E7710D2228D004A60085EA57 /* AlamofireImage in Frameworks */ = {isa = PBXBuildFile; productRef = E7710D2128D004A60085EA57 /* AlamofireImage */; };
		E7FE2B7328CFCB8B004CDB76 /* AppDelegate.swift in Sources */ = {isa = PBXBuildFile; fileRef = E7FE2B7228CFCB8B004CDB76 /* AppDelegate.swift */; };
		E7FE2B7528CFCB8B004CDB76 /* SceneDelegate.swift in Sources */ = {isa = PBXBuildFile; fileRef = E7FE2B7428CFCB8B004CDB76 /* SceneDelegate.swift */; };
		E7FE2B7728CFCB8B004CDB76 /* MainViewController.swift in Sources */ = {isa = PBXBuildFile; fileRef = E7FE2B7628CFCB8B004CDB76 /* MainViewController.swift */; };
		E7FE2B7A28CFCB8B004CDB76 /* Main.storyboard in Resources */ = {isa = PBXBuildFile; fileRef = E7FE2B7828CFCB8B004CDB76 /* Main.storyboard */; };
		E7FE2B7C28CFCB8D004CDB76 /* Assets.xcassets in Resources */ = {isa = PBXBuildFile; fileRef = E7FE2B7B28CFCB8D004CDB76 /* Assets.xcassets */; };
		E7FE2B7F28CFCB8D004CDB76 /* LaunchScreen.storyboard in Resources */ = {isa = PBXBuildFile; fileRef = E7FE2B7D28CFCB8D004CDB76 /* LaunchScreen.storyboard */; };
		E7FE2B8728CFDB3B004CDB76 /* MovieCell.swift in Sources */ = {isa = PBXBuildFile; fileRef = E7FE2B8628CFDB3B004CDB76 /* MovieCell.swift */; };
		E7FE2B8A28CFDEAB004CDB76 /* AlamofireImage in Frameworks */ = {isa = PBXBuildFile; productRef = E7FE2B8928CFDEAB004CDB76 /* AlamofireImage */; };
/* End PBXBuildFile section */

/* Begin PBXFileReference section */
		85D7C98767F96C474C74EFD2 /* Pods_Flix.framework */ = {isa = PBXFileReference; explicitFileType = wrapper.framework; includeInIndex = 0; path = Pods_Flix.framework; sourceTree = BUILT_PRODUCTS_DIR; };
		CDE770299885325A7F712D09 /* Pods-Flix.release.xcconfig */ = {isa = PBXFileReference; includeInIndex = 1; lastKnownFileType = text.xcconfig; name = "Pods-Flix.release.xcconfig"; path = "Target Support Files/Pods-Flix/Pods-Flix.release.xcconfig"; sourceTree = "<group>"; };
		E717C99B28D96B0800258832 /* MovieDetailsViewController.swift */ = {isa = PBXFileReference; lastKnownFileType = sourcecode.swift; path = MovieDetailsViewController.swift; sourceTree = "<group>"; };
		E717C99D28D9766E00258832 /* MovieGridViewController.swift */ = {isa = PBXFileReference; lastKnownFileType = sourcecode.swift; path = MovieGridViewController.swift; sourceTree = "<group>"; };
		E717C99F28D97D9800258832 /* MovieGridCell.swift */ = {isa = PBXFileReference; lastKnownFileType = sourcecode.swift; path = MovieGridCell.swift; sourceTree = "<group>"; };
		E7FE2B6F28CFCB8B004CDB76 /* Flix.app */ = {isa = PBXFileReference; explicitFileType = wrapper.application; includeInIndex = 0; path = Flix.app; sourceTree = BUILT_PRODUCTS_DIR; };
		E7FE2B7228CFCB8B004CDB76 /* AppDelegate.swift */ = {isa = PBXFileReference; lastKnownFileType = sourcecode.swift; path = AppDelegate.swift; sourceTree = "<group>"; };
		E7FE2B7428CFCB8B004CDB76 /* SceneDelegate.swift */ = {isa = PBXFileReference; lastKnownFileType = sourcecode.swift; path = SceneDelegate.swift; sourceTree = "<group>"; };
		E7FE2B7628CFCB8B004CDB76 /* MainViewController.swift */ = {isa = PBXFileReference; lastKnownFileType = sourcecode.swift; path = MainViewController.swift; sourceTree = "<group>"; };
		E7FE2B7928CFCB8B004CDB76 /* Base */ = {isa = PBXFileReference; lastKnownFileType = file.storyboard; name = Base; path = Base.lproj/Main.storyboard; sourceTree = "<group>"; };
		E7FE2B7B28CFCB8D004CDB76 /* Assets.xcassets */ = {isa = PBXFileReference; lastKnownFileType = folder.assetcatalog; name = Assets.xcassets; path = Flix/Assets.xcassets; sourceTree = SOURCE_ROOT; };
		E7FE2B7E28CFCB8D004CDB76 /* Base */ = {isa = PBXFileReference; lastKnownFileType = file.storyboard; name = Base; path = Base.lproj/LaunchScreen.storyboard; sourceTree = "<group>"; };
		E7FE2B8028CFCB8D004CDB76 /* Info.plist */ = {isa = PBXFileReference; lastKnownFileType = text.plist.xml; path = Info.plist; sourceTree = "<group>"; };
		E7FE2B8628CFDB3B004CDB76 /* MovieCell.swift */ = {isa = PBXFileReference; lastKnownFileType = sourcecode.swift; path = MovieCell.swift; sourceTree = "<group>"; };
		FCD119EE70F2A4D28EAB2A24 /* Pods-Flix.debug.xcconfig */ = {isa = PBXFileReference; includeInIndex = 1; lastKnownFileType = text.xcconfig; name = "Pods-Flix.debug.xcconfig"; path = "Target Support Files/Pods-Flix/Pods-Flix.debug.xcconfig"; sourceTree = "<group>"; };
/* End PBXFileReference section */

/* Begin PBXFrameworksBuildPhase section */
		E7FE2B6C28CFCB8B004CDB76 /* Frameworks */ = {
			isa = PBXFrameworksBuildPhase;
			buildActionMask = 2147483647;
			files = (
				E7FE2B8A28CFDEAB004CDB76 /* AlamofireImage in Frameworks */,
				BA073E1F3D88A81BEC17B7E6 /* Pods_Flix.framework in Frameworks */,
				E7710D2228D004A60085EA57 /* AlamofireImage in Frameworks */,
			);
			runOnlyForDeploymentPostprocessing = 0;
		};
/* End PBXFrameworksBuildPhase section */

/* Begin PBXGroup section */
		E7FE2B6628CFCB8B004CDB76 = {
			isa = PBXGroup;
			children = (
				E717C99F28D97D9800258832 /* MovieGridCell.swift */,
				E717C99D28D9766E00258832 /* MovieGridViewController.swift */,
				E7FE2B7128CFCB8B004CDB76 /* Flix */,
				E7FE2B7028CFCB8B004CDB76 /* Products */,
				F088BE57F82E341369AADCE3 /* Pods */,
				EDF4345F75164D1FF9388495 /* Frameworks */,
			);
			sourceTree = "<group>";
		};
		E7FE2B7028CFCB8B004CDB76 /* Products */ = {
			isa = PBXGroup;
			children = (
				E7FE2B6F28CFCB8B004CDB76 /* Flix.app */,
			);
			name = Products;
			sourceTree = "<group>";
		};
		E7FE2B7128CFCB8B004CDB76 /* Flix */ = {
			isa = PBXGroup;
			children = (
				E7FE2B8628CFDB3B004CDB76 /* MovieCell.swift */,
				E7FE2B7228CFCB8B004CDB76 /* AppDelegate.swift */,
				E7FE2B7428CFCB8B004CDB76 /* SceneDelegate.swift */,
				E7FE2B7628CFCB8B004CDB76 /* MainViewController.swift */,
				E7FE2B7828CFCB8B004CDB76 /* Main.storyboard */,
				E717C99B28D96B0800258832 /* MovieDetailsViewController.swift */,
				E7FE2B7B28CFCB8D004CDB76 /* Assets.xcassets */,
				E7FE2B7D28CFCB8D004CDB76 /* LaunchScreen.storyboard */,
				E7FE2B8028CFCB8D004CDB76 /* Info.plist */,
			);
			path = Flix;
			sourceTree = "<group>";
		};
		EDF4345F75164D1FF9388495 /* Frameworks */ = {
			isa = PBXGroup;
			children = (
				85D7C98767F96C474C74EFD2 /* Pods_Flix.framework */,
			);
			name = Frameworks;
			sourceTree = "<group>";
		};
		F088BE57F82E341369AADCE3 /* Pods */ = {
			isa = PBXGroup;
			children = (
				FCD119EE70F2A4D28EAB2A24 /* Pods-Flix.debug.xcconfig */,
				CDE770299885325A7F712D09 /* Pods-Flix.release.xcconfig */,
			);
			path = Pods;
			sourceTree = "<group>";
		};
/* End PBXGroup section */

/* Begin PBXNativeTarget section */
		E7FE2B6E28CFCB8B004CDB76 /* Flix */ = {
			isa = PBXNativeTarget;
			buildConfigurationList = E7FE2B8328CFCB8D004CDB76 /* Build configuration list for PBXNativeTarget "Flix" */;
			buildPhases = (
				776D5468C70E6EB51464C6D4 /* [CP] Check Pods Manifest.lock */,
				E7FE2B6B28CFCB8B004CDB76 /* Sources */,
				E7FE2B6C28CFCB8B004CDB76 /* Frameworks */,
				E7FE2B6D28CFCB8B004CDB76 /* Resources */,
				086F6A3309460BAEBC4AA885 /* [CP] Embed Pods Frameworks */,
			);
			buildRules = (
			);
			dependencies = (
			);
			name = Flix;
			packageProductDependencies = (
				E7FE2B8928CFDEAB004CDB76 /* AlamofireImage */,
				E7710D2128D004A60085EA57 /* AlamofireImage */,
			);
			productName = Flix;
			productReference = E7FE2B6F28CFCB8B004CDB76 /* Flix.app */;
			productType = "com.apple.product-type.application";
		};
/* End PBXNativeTarget section */

/* Begin PBXProject section */
		E7FE2B6728CFCB8B004CDB76 /* Project object */ = {
			isa = PBXProject;
			attributes = {
				BuildIndependentTargetsInParallel = 1;
				LastSwiftUpdateCheck = 1340;
				LastUpgradeCheck = 1340;
				TargetAttributes = {
					E7FE2B6E28CFCB8B004CDB76 = {
						CreatedOnToolsVersion = 13.4.1;
					};
				};
			};
			buildConfigurationList = E7FE2B6A28CFCB8B004CDB76 /* Build configuration list for PBXProject "Flix" */;
			compatibilityVersion = "Xcode 13.0";
			developmentRegion = en;
			hasScannedForEncodings = 0;
			knownRegions = (
				en,
				Base,
			);
			mainGroup = E7FE2B6628CFCB8B004CDB76;
			packageReferences = (
				E7FE2B8828CFDEAB004CDB76 /* XCRemoteSwiftPackageReference "AlamofireImage" */,
				E7710D2028D004A60085EA57 /* XCRemoteSwiftPackageReference "AlamofireImage" */,
			);
			productRefGroup = E7FE2B7028CFCB8B004CDB76 /* Products */;
			projectDirPath = "";
			projectRoot = "";
			targets = (
				E7FE2B6E28CFCB8B004CDB76 /* Flix */,
			);
		};
/* End PBXProject section */

/* Begin PBXResourcesBuildPhase section */
		E7FE2B6D28CFCB8B004CDB76 /* Resources */ = {
			isa = PBXResourcesBuildPhase;
			buildActionMask = 2147483647;
			files = (
				E7FE2B7F28CFCB8D004CDB76 /* LaunchScreen.storyboard in Resources */,
				E7FE2B7C28CFCB8D004CDB76 /* Assets.xcassets in Resources */,
				E7FE2B7A28CFCB8B004CDB76 /* Main.storyboard in Resources */,
			);
			runOnlyForDeploymentPostprocessing = 0;
		};
/* End PBXResourcesBuildPhase section */

/* Begin PBXShellScriptBuildPhase section */
		086F6A3309460BAEBC4AA885 /* [CP] Embed Pods Frameworks */ = {
			isa = PBXShellScriptBuildPhase;
			buildActionMask = 2147483647;
			files = (
			);
			inputFileListPaths = (
				"${PODS_ROOT}/Target Support Files/Pods-Flix/Pods-Flix-frameworks-${CONFIGURATION}-input-files.xcfilelist",
			);
			name = "[CP] Embed Pods Frameworks";
			outputFileListPaths = (
				"${PODS_ROOT}/Target Support Files/Pods-Flix/Pods-Flix-frameworks-${CONFIGURATION}-output-files.xcfilelist",
			);
			runOnlyForDeploymentPostprocessing = 0;
			shellPath = /bin/sh;
			shellScript = "\"${PODS_ROOT}/Target Support Files/Pods-Flix/Pods-Flix-frameworks.sh\"\n";
			showEnvVarsInLog = 0;
		};
		776D5468C70E6EB51464C6D4 /* [CP] Check Pods Manifest.lock */ = {
			isa = PBXShellScriptBuildPhase;
			buildActionMask = 2147483647;
			files = (
			);
			inputFileListPaths = (
			);
			inputPaths = (
				"${PODS_PODFILE_DIR_PATH}/Podfile.lock",
				"${PODS_ROOT}/Manifest.lock",
			);
			name = "[CP] Check Pods Manifest.lock";
			outputFileListPaths = (
			);
			outputPaths = (
				"$(DERIVED_FILE_DIR)/Pods-Flix-checkManifestLockResult.txt",
			);
			runOnlyForDeploymentPostprocessing = 0;
			shellPath = /bin/sh;
			shellScript = "diff \"${PODS_PODFILE_DIR_PATH}/Podfile.lock\" \"${PODS_ROOT}/Manifest.lock\" > /dev/null\nif [ $? != 0 ] ; then\n    # print error to STDERR\n    echo \"error: The sandbox is not in sync with the Podfile.lock. Run 'pod install' or update your CocoaPods installation.\" >&2\n    exit 1\nfi\n# This output is used by Xcode 'outputs' to avoid re-running this script phase.\necho \"SUCCESS\" > \"${SCRIPT_OUTPUT_FILE_0}\"\n";
			showEnvVarsInLog = 0;
		};
/* End PBXShellScriptBuildPhase section */

/* Begin PBXSourcesBuildPhase section */
		E7FE2B6B28CFCB8B004CDB76 /* Sources */ = {
			isa = PBXSourcesBuildPhase;
			buildActionMask = 2147483647;
			files = (
				E717C99C28D96B0800258832 /* MovieDetailsViewController.swift in Sources */,
				E7FE2B7728CFCB8B004CDB76 /* MainViewController.swift in Sources */,
				E7FE2B7328CFCB8B004CDB76 /* AppDelegate.swift in Sources */,
				E7FE2B8728CFDB3B004CDB76 /* MovieCell.swift in Sources */,
				E7FE2B7528CFCB8B004CDB76 /* SceneDelegate.swift in Sources */,
				E717C99E28D9766E00258832 /* MovieGridViewController.swift in Sources */,
				E717C9A028D97D9800258832 /* MovieGridCell.swift in Sources */,
			);
			runOnlyForDeploymentPostprocessing = 0;
		};
/* End PBXSourcesBuildPhase section */

/* Begin PBXVariantGroup section */
		E7FE2B7828CFCB8B004CDB76 /* Main.storyboard */ = {
			isa = PBXVariantGroup;
			children = (
				E7FE2B7928CFCB8B004CDB76 /* Base */,
			);
			name = Main.storyboard;
			sourceTree = "<group>";
		};
		E7FE2B7D28CFCB8D004CDB76 /* LaunchScreen.storyboard */ = {
			isa = PBXVariantGroup;
			children = (
				E7FE2B7E28CFCB8D004CDB76 /* Base */,
			);
			name = LaunchScreen.storyboard;
			sourceTree = "<group>";
		};
/* End PBXVariantGroup section */

/* Begin XCBuildConfiguration section */
		E7FE2B8128CFCB8D004CDB76 /* Debug */ = {
			isa = XCBuildConfiguration;
			buildSettings = {
				ALWAYS_SEARCH_USER_PATHS = NO;
				CLANG_ANALYZER_NONNULL = YES;
				CLANG_ANALYZER_NUMBER_OBJECT_CONVERSION = YES_AGGRESSIVE;
				CLANG_CXX_LANGUAGE_STANDARD = "gnu++17";
				CLANG_ENABLE_MODULES = YES;
				CLANG_ENABLE_OBJC_ARC = YES;
				CLANG_ENABLE_OBJC_WEAK = YES;
				CLANG_WARN_BLOCK_CAPTURE_AUTORELEASING = YES;
				CLANG_WARN_BOOL_CONVERSION = YES;
				CLANG_WARN_COMMA = YES;
				CLANG_WARN_CONSTANT_CONVERSION = YES;
				CLANG_WARN_DEPRECATED_OBJC_IMPLEMENTATIONS = YES;
				CLANG_WARN_DIRECT_OBJC_ISA_USAGE = YES_ERROR;
				CLANG_WARN_DOCUMENTATION_COMMENTS = YES;
				CLANG_WARN_EMPTY_BODY = YES;
				CLANG_WARN_ENUM_CONVERSION = YES;
				CLANG_WARN_INFINITE_RECURSION = YES;
				CLANG_WARN_INT_CONVERSION = YES;
				CLANG_WARN_NON_LITERAL_NULL_CONVERSION = YES;
				CLANG_WARN_OBJC_IMPLICIT_RETAIN_SELF = YES;
				CLANG_WARN_OBJC_LITERAL_CONVERSION = YES;
				CLANG_WARN_OBJC_ROOT_CLASS = YES_ERROR;
				CLANG_WARN_QUOTED_INCLUDE_IN_FRAMEWORK_HEADER = YES;
				CLANG_WARN_RANGE_LOOP_ANALYSIS = YES;
				CLANG_WARN_STRICT_PROTOTYPES = YES;
				CLANG_WARN_SUSPICIOUS_MOVE = YES;
				CLANG_WARN_UNGUARDED_AVAILABILITY = YES_AGGRESSIVE;
				CLANG_WARN_UNREACHABLE_CODE = YES;
				CLANG_WARN__DUPLICATE_METHOD_MATCH = YES;
				COPY_PHASE_STRIP = NO;
				DEBUG_INFORMATION_FORMAT = dwarf;
				ENABLE_STRICT_OBJC_MSGSEND = YES;
				ENABLE_TESTABILITY = YES;
				GCC_C_LANGUAGE_STANDARD = gnu11;
				GCC_DYNAMIC_NO_PIC = NO;
				GCC_NO_COMMON_BLOCKS = YES;
				GCC_OPTIMIZATION_LEVEL = 0;
				GCC_PREPROCESSOR_DEFINITIONS = (
					"DEBUG=1",
					"$(inherited)",
				);
				GCC_WARN_64_TO_32_BIT_CONVERSION = YES;
				GCC_WARN_ABOUT_RETURN_TYPE = YES_ERROR;
				GCC_WARN_UNDECLARED_SELECTOR = YES;
				GCC_WARN_UNINITIALIZED_AUTOS = YES_AGGRESSIVE;
				GCC_WARN_UNUSED_FUNCTION = YES;
				GCC_WARN_UNUSED_VARIABLE = YES;
				IPHONEOS_DEPLOYMENT_TARGET = 15.5;
				MTL_ENABLE_DEBUG_INFO = INCLUDE_SOURCE;
				MTL_FAST_MATH = YES;
				ONLY_ACTIVE_ARCH = YES;
				SDKROOT = iphoneos;
				SWIFT_ACTIVE_COMPILATION_CONDITIONS = DEBUG;
				SWIFT_OPTIMIZATION_LEVEL = "-Onone";
			};
			name = Debug;
		};
		E7FE2B8228CFCB8D004CDB76 /* Release */ = {
			isa = XCBuildConfiguration;
			buildSettings = {
				ALWAYS_SEARCH_USER_PATHS = NO;
				CLANG_ANALYZER_NONNULL = YES;
				CLANG_ANALYZER_NUMBER_OBJECT_CONVERSION = YES_AGGRESSIVE;
				CLANG_CXX_LANGUAGE_STANDARD = "gnu++17";
				CLANG_ENABLE_MODULES = YES;
				CLANG_ENABLE_OBJC_ARC = YES;
				CLANG_ENABLE_OBJC_WEAK = YES;
				CLANG_WARN_BLOCK_CAPTURE_AUTORELEASING = YES;
				CLANG_WARN_BOOL_CONVERSION = YES;
				CLANG_WARN_COMMA = YES;
				CLANG_WARN_CONSTANT_CONVERSION = YES;
				CLANG_WARN_DEPRECATED_OBJC_IMPLEMENTATIONS = YES;
				CLANG_WARN_DIRECT_OBJC_ISA_USAGE = YES_ERROR;
				CLANG_WARN_DOCUMENTATION_COMMENTS = YES;
				CLANG_WARN_EMPTY_BODY = YES;
				CLANG_WARN_ENUM_CONVERSION = YES;
				CLANG_WARN_INFINITE_RECURSION = YES;
				CLANG_WARN_INT_CONVERSION = YES;
				CLANG_WARN_NON_LITERAL_NULL_CONVERSION = YES;
				CLANG_WARN_OBJC_IMPLICIT_RETAIN_SELF = YES;
				CLANG_WARN_OBJC_LITERAL_CONVERSION = YES;
				CLANG_WARN_OBJC_ROOT_CLASS = YES_ERROR;
				CLANG_WARN_QUOTED_INCLUDE_IN_FRAMEWORK_HEADER = YES;
				CLANG_WARN_RANGE_LOOP_ANALYSIS = YES;
				CLANG_WARN_STRICT_PROTOTYPES = YES;
				CLANG_WARN_SUSPICIOUS_MOVE = YES;
				CLANG_WARN_UNGUARDED_AVAILABILITY = YES_AGGRESSIVE;
				CLANG_WARN_UNREACHABLE_CODE = YES;
				CLANG_WARN__DUPLICATE_METHOD_MATCH = YES;
				COPY_PHASE_STRIP = NO;
				DEBUG_INFORMATION_FORMAT = "dwarf-with-dsym";
				ENABLE_NS_ASSERTIONS = NO;
				ENABLE_STRICT_OBJC_MSGSEND = YES;
				GCC_C_LANGUAGE_STANDARD = gnu11;
				GCC_NO_COMMON_BLOCKS = YES;
				GCC_WARN_64_TO_32_BIT_CONVERSION = YES;
				GCC_WARN_ABOUT_RETURN_TYPE = YES_ERROR;
				GCC_WARN_UNDECLARED_SELECTOR = YES;
				GCC_WARN_UNINITIALIZED_AUTOS = YES_AGGRESSIVE;
				GCC_WARN_UNUSED_FUNCTION = YES;
				GCC_WARN_UNUSED_VARIABLE = YES;
				IPHONEOS_DEPLOYMENT_TARGET = 15.5;
				MTL_ENABLE_DEBUG_INFO = NO;
				MTL_FAST_MATH = YES;
				SDKROOT = iphoneos;
				SWIFT_COMPILATION_MODE = wholemodule;
				SWIFT_OPTIMIZATION_LEVEL = "-O";
				VALIDATE_PRODUCT = YES;
			};
			name = Release;
		};
		E7FE2B8428CFCB8D004CDB76 /* Debug */ = {
			isa = XCBuildConfiguration;
			baseConfigurationReference = FCD119EE70F2A4D28EAB2A24 /* Pods-Flix.debug.xcconfig */;
			buildSettings = {
				ASSETCATALOG_COMPILER_APPICON_NAME = AppIcon;
				ASSETCATALOG_COMPILER_GLOBAL_ACCENT_COLOR_NAME = AccentColor;
				CODE_SIGN_STYLE = Automatic;
				CURRENT_PROJECT_VERSION = 1;
				DEVELOPMENT_TEAM = D7WPT78543;
				GENERATE_INFOPLIST_FILE = YES;
				INFOPLIST_FILE = Flix/Info.plist;
				INFOPLIST_KEY_UIApplicationSupportsIndirectInputEvents = YES;
				INFOPLIST_KEY_UILaunchStoryboardName = LaunchScreen;
				INFOPLIST_KEY_UIMainStoryboardFile = Main;
				INFOPLIST_KEY_UISupportedInterfaceOrientations_iPad = "UIInterfaceOrientationPortrait UIInterfaceOrientationPortraitUpsideDown UIInterfaceOrientationLandscapeLeft UIInterfaceOrientationLandscapeRight";
				INFOPLIST_KEY_UISupportedInterfaceOrientations_iPhone = "UIInterfaceOrientationPortrait UIInterfaceOrientationLandscapeLeft UIInterfaceOrientationLandscapeRight";
				LD_RUNPATH_SEARCH_PATHS = (
					"$(inherited)",
					"@executable_path/Frameworks",
				);
				MARKETING_VERSION = 1.0;
				PRODUCT_BUNDLE_IDENTIFIER = eakjothundal.Flix;
				PRODUCT_NAME = "$(TARGET_NAME)";
				SWIFT_EMIT_LOC_STRINGS = YES;
				SWIFT_VERSION = 5.0;
				TARGETED_DEVICE_FAMILY = "1,2";
			};
			name = Debug;
		};
		E7FE2B8528CFCB8D004CDB76 /* Release */ = {
			isa = XCBuildConfiguration;
			baseConfigurationReference = CDE770299885325A7F712D09 /* Pods-Flix.release.xcconfig */;
			buildSettings = {
				ASSETCATALOG_COMPILER_APPICON_NAME = AppIcon;
				ASSETCATALOG_COMPILER_GLOBAL_ACCENT_COLOR_NAME = AccentColor;
				CODE_SIGN_STYLE = Automatic;
				CURRENT_PROJECT_VERSION = 1;
				DEVELOPMENT_TEAM = D7WPT78543;
				GENERATE_INFOPLIST_FILE = YES;
				INFOPLIST_FILE = Flix/Info.plist;
				INFOPLIST_KEY_UIApplicationSupportsIndirectInputEvents = YES;
				INFOPLIST_KEY_UILaunchStoryboardName = LaunchScreen;
				INFOPLIST_KEY_UIMainStoryboardFile = Main;
				INFOPLIST_KEY_UISupportedInterfaceOrientations_iPad = "UIInterfaceOrientationPortrait UIInterfaceOrientationPortraitUpsideDown UIInterfaceOrientationLandscapeLeft UIInterfaceOrientationLandscapeRight";
				INFOPLIST_KEY_UISupportedInterfaceOrientations_iPhone = "UIInterfaceOrientationPortrait UIInterfaceOrientationLandscapeLeft UIInterfaceOrientationLandscapeRight";
				LD_RUNPATH_SEARCH_PATHS = (
					"$(inherited)",
					"@executable_path/Frameworks",
				);
				MARKETING_VERSION = 1.0;
				PRODUCT_BUNDLE_IDENTIFIER = eakjothundal.Flix;
				PRODUCT_NAME = "$(TARGET_NAME)";
				SWIFT_EMIT_LOC_STRINGS = YES;
				SWIFT_VERSION = 5.0;
				TARGETED_DEVICE_FAMILY = "1,2";
			};
			name = Release;
		};
/* End XCBuildConfiguration section */

/* Begin XCConfigurationList section */
		E7FE2B6A28CFCB8B004CDB76 /* Build configuration list for PBXProject "Flix" */ = {
			isa = XCConfigurationList;
			buildConfigurations = (
				E7FE2B8128CFCB8D004CDB76 /* Debug */,
				E7FE2B8228CFCB8D004CDB76 /* Release */,
			);
			defaultConfigurationIsVisible = 0;
			defaultConfigurationName = Release;
		};
		E7FE2B8328CFCB8D004CDB76 /* Build configuration list for PBXNativeTarget "Flix" */ = {
			isa = XCConfigurationList;
			buildConfigurations = (
				E7FE2B8428CFCB8D004CDB76 /* Debug */,
				E7FE2B8528CFCB8D004CDB76 /* Release */,
			);
			defaultConfigurationIsVisible = 0;
			defaultConfigurationName = Release;
		};
/* End XCConfigurationList section */

/* Begin XCRemoteSwiftPackageReference section */
		E7710D2028D004A60085EA57 /* XCRemoteSwiftPackageReference "AlamofireImage" */ = {
			isa = XCRemoteSwiftPackageReference;
			repositoryURL = "https://github.com/Alamofire/AlamofireImage";
			requirement = {
				branch = master;
				kind = branch;
			};
		};
		E7FE2B8828CFDEAB004CDB76 /* XCRemoteSwiftPackageReference "AlamofireImage" */ = {
			isa = XCRemoteSwiftPackageReference;
			repositoryURL = "https://github.com/Alamofire/AlamofireImage";
			requirement = {
				kind = upToNextMajorVersion;
				minimumVersion = 4.0.0;
			};
		};
/* End XCRemoteSwiftPackageReference section */

/* Begin XCSwiftPackageProductDependency section */
		E7710D2128D004A60085EA57 /* AlamofireImage */ = {
			isa = XCSwiftPackageProductDependency;
			package = E7710D2028D004A60085EA57 /* XCRemoteSwiftPackageReference "AlamofireImage" */;
			productName = AlamofireImage;
		};
		E7FE2B8928CFDEAB004CDB76 /* AlamofireImage */ = {
			isa = XCSwiftPackageProductDependency;
			package = E7FE2B8828CFDEAB004CDB76 /* XCRemoteSwiftPackageReference "AlamofireImage" */;
			productName = AlamofireImage;
		};
/* End XCSwiftPackageProductDependency section */
	};
	rootObject = E7FE2B6728CFCB8B004CDB76 /* Project object */;
}
